
Microsoft Visual Studio Solution File, Format Version 12.00
# Visual Studio Version 17
VisualStudioVersion = 17.14.36119.2 d17.14
MinimumVisualStudioVersion = 10.0.40219.1
Project("{FAE04EC0-301F-11D3-BF4B-00C04F79EFBC}") = "ExtractorsBegone", "ExtractorsBegone.csproj", "{508646C4-F299-41E1-A63B-4CD652AB99D3}"
EndProject
Global
	GlobalSection(SolutionConfigurationPlatforms) = preSolution
		Debug|Any CPU = Debug|Any CPU
		Release|Any CPU = Release|Any CPU
	EndGlobalSection
	GlobalSection(ProjectConfigurationPlatforms) = postSolution
		{508646C4-F299-41E1-A63B-4CD652AB99D3}.Debug|Any CPU.ActiveCfg = Debug|Any CPU
		{508646C4-F299-41E1-A63B-4CD652AB99D3}.Debug|Any CPU.Build.0 = Debug|Any CPU
		{508646C4-F299-41E1-A63B-4CD652AB99D3}.Release|Any CPU.ActiveCfg = Release|Any CPU
		{508646C4-F299-41E1-A63B-4CD652AB99D3}.Release|Any CPU.Build.0 = Release|Any CPU
	EndGlobalSection
	GlobalSection(SolutionProperties) = preSolution
		HideSolutionNode = FALSE
	EndGlobalSection
	GlobalSection(ExtensibilityGlobals) = postSolution
		SolutionGuid = {673DA9C0-90A1-4B5B-A546-7C93DD8463B1}
	EndGlobalSection
EndGlobal
